// !$*UTF8*$!
{
	archiveVersion = 1;
	classes = {
	};
	objectVersion = 51;
	objects = {

/* Begin PBXBuildFile section */
		23FFF58724B07425007CE87B /* AppDelegate.swift in Sources */ = {isa = PBXBuildFile; fileRef = 23FFF58624B07425007CE87B /* AppDelegate.swift */; };
		23FFF58924B07425007CE87B /* SceneDelegate.swift in Sources */ = {isa = PBXBuildFile; fileRef = 23FFF58824B07425007CE87B /* SceneDelegate.swift */; };
		23FFF58B24B07425007CE87B /* ViewController.swift in Sources */ = {isa = PBXBuildFile; fileRef = 23FFF58A24B07425007CE87B /* ViewController.swift */; };
		23FFF58E24B07425007CE87B /* Main.storyboard in Resources */ = {isa = PBXBuildFile; fileRef = 23FFF58C24B07425007CE87B /* Main.storyboard */; };
		23FFF59024B07429007CE87B /* Assets.xcassets in Resources */ = {isa = PBXBuildFile; fileRef = 23FFF58F24B07429007CE87B /* Assets.xcassets */; };
		23FFF59324B07429007CE87B /* LaunchScreen.storyboard in Resources */ = {isa = PBXBuildFile; fileRef = 23FFF59124B07429007CE87B /* LaunchScreen.storyboard */; };
		23FFF59B24B078A2007CE87B /* InputViewController.swift in Sources */ = {isa = PBXBuildFile; fileRef = 23FFF59A24B078A2007CE87B /* InputViewController.swift */; };
		23FFF59D24B0832C007CE87B /* Task.swift in Sources */ = {isa = PBXBuildFile; fileRef = 23FFF59C24B0832C007CE87B /* Task.swift */; };
		FC41D8E6EDE8273D5EF71915 /* Pods_taskApp.framework in Frameworks */ = {isa = PBXBuildFile; fileRef = 8F3ABE862D7B69E89FE43818 /* Pods_taskApp.framework */; };
/* End PBXBuildFile section */

/* Begin PBXFileReference section */
		23FFF58324B07425007CE87B /* taskApp.app */ = {isa = PBXFileReference; explicitFileType = wrapper.application; includeInIndex = 0; path = taskApp.app; sourceTree = BUILT_PRODUCTS_DIR; };
		23FFF58624B07425007CE87B /* AppDelegate.swift */ = {isa = PBXFileReference; lastKnownFileType = sourcecode.swift; path = AppDelegate.swift; sourceTree = "<group>"; };
		23FFF58824B07425007CE87B /* SceneDelegate.swift */ = {isa = PBXFileReference; lastKnownFileType = sourcecode.swift; path = SceneDelegate.swift; sourceTree = "<group>"; };
		23FFF58A24B07425007CE87B /* ViewController.swift */ = {isa = PBXFileReference; lastKnownFileType = sourcecode.swift; path = ViewController.swift; sourceTree = "<group>"; };
		23FFF58D24B07425007CE87B /* Base */ = {isa = PBXFileReference; lastKnownFileType = file.storyboard; name = Base; path = Base.lproj/Main.storyboard; sourceTree = "<group>"; };
		23FFF58F24B07429007CE87B /* Assets.xcassets */ = {isa = PBXFileReference; lastKnownFileType = folder.assetcatalog; path = Assets.xcassets; sourceTree = "<group>"; };
		23FFF59224B07429007CE87B /* Base */ = {isa = PBXFileReference; lastKnownFileType = file.storyboard; name = Base; path = Base.lproj/LaunchScreen.storyboard; sourceTree = "<group>"; };
		23FFF59424B07429007CE87B /* Info.plist */ = {isa = PBXFileReference; lastKnownFileType = text.plist.xml; path = Info.plist; sourceTree = "<group>"; };
		23FFF59A24B078A2007CE87B /* InputViewController.swift */ = {isa = PBXFileReference; lastKnownFileType = sourcecode.swift; path = InputViewController.swift; sourceTree = "<group>"; };
		23FFF59C24B0832C007CE87B /* Task.swift */ = {isa = PBXFileReference; lastKnownFileType = sourcecode.swift; path = Task.swift; sourceTree = "<group>"; };
		2936856FB460E70925483DED /* Pods-taskApp.debug.xcconfig */ = {isa = PBXFileReference; includeInIndex = 1; lastKnownFileType = text.xcconfig; name = "Pods-taskApp.debug.xcconfig"; path = "Target Support Files/Pods-taskApp/Pods-taskApp.debug.xcconfig"; sourceTree = "<group>"; };
		8F3ABE862D7B69E89FE43818 /* Pods_taskApp.framework */ = {isa = PBXFileReference; explicitFileType = wrapper.framework; includeInIndex = 0; path = Pods_taskApp.framework; sourceTree = BUILT_PRODUCTS_DIR; };
		E71203C9826C42C227706B89 /* Pods-taskApp.release.xcconfig */ = {isa = PBXFileReference; includeInIndex = 1; lastKnownFileType = text.xcconfig; name = "Pods-taskApp.release.xcconfig"; path = "Target Support Files/Pods-taskApp/Pods-taskApp.release.xcconfig"; sourceTree = "<group>"; };
/* End PBXFileReference section */

/* Begin PBXFrameworksBuildPhase section */
		23FFF58024B07425007CE87B /* Frameworks */ = {
			isa = PBXFrameworksBuildPhase;
			buildActionMask = 2147483647;
			files = (
				FC41D8E6EDE8273D5EF71915 /* Pods_taskApp.framework in Frameworks */,
			);
			runOnlyForDeploymentPostprocessing = 0;
		};
/* End PBXFrameworksBuildPhase section */

/* Begin PBXGroup section */
		23FFF57A24B07425007CE87B = {
			isa = PBXGroup;
			children = (
				23FFF58524B07425007CE87B /* taskApp */,
				23FFF58424B07425007CE87B /* Products */,
				6CB094A22734CFAB8841D377 /* Pods */,
				92E365CF7AB4561641787134 /* Frameworks */,
			);
			sourceTree = "<group>";
		};
		23FFF58424B07425007CE87B /* Products */ = {
			isa = PBXGroup;
			children = (
				23FFF58324B07425007CE87B /* taskApp.app */,
			);
			name = Products;
			sourceTree = "<group>";
		};
		23FFF58524B07425007CE87B /* taskApp */ = {
			isa = PBXGroup;
			children = (
				23FFF58624B07425007CE87B /* AppDelegate.swift */,
				23FFF58824B07425007CE87B /* SceneDelegate.swift */,
				23FFF58A24B07425007CE87B /* ViewController.swift */,
				23FFF58C24B07425007CE87B /* Main.storyboard */,
				23FFF58F24B07429007CE87B /* Assets.xcassets */,
				23FFF59124B07429007CE87B /* LaunchScreen.storyboard */,
				23FFF59424B07429007CE87B /* Info.plist */,
				23FFF59A24B078A2007CE87B /* InputViewController.swift */,
				23FFF59C24B0832C007CE87B /* Task.swift */,
			);
			path = taskApp;
			sourceTree = "<group>";
		};
		6CB094A22734CFAB8841D377 /* Pods */ = {
			isa = PBXGroup;
			children = (
				2936856FB460E70925483DED /* Pods-taskApp.debug.xcconfig */,
				E71203C9826C42C227706B89 /* Pods-taskApp.release.xcconfig */,
			);
			path = Pods;
			sourceTree = "<group>";
		};
		92E365CF7AB4561641787134 /* Frameworks */ = {
			isa = PBXGroup;
			children = (
				8F3ABE862D7B69E89FE43818 /* Pods_taskApp.framework */,
			);
			name = Frameworks;
			sourceTree = "<group>";
		};
/* End PBXGroup section */

/* Begin PBXNativeTarget section */
		23FFF58224B07425007CE87B /* taskApp */ = {
			isa = PBXNativeTarget;
			buildConfigurationList = 23FFF59724B0742A007CE87B /* Build configuration list for PBXNativeTarget "taskApp" */;
			buildPhases = (
				4305E21A9E8389414986FB51 /* [CP] Check Pods Manifest.lock */,
				23FFF57F24B07425007CE87B /* Sources */,
				23FFF58024B07425007CE87B /* Frameworks */,
				23FFF58124B07425007CE87B /* Resources */,
				175A204FE7E1BB29044750A2 /* [CP] Embed Pods Frameworks */,
			);
			buildRules = (
			);
			dependencies = (
			);
			name = taskApp;
			productName = taskApp;
			productReference = 23FFF58324B07425007CE87B /* taskApp.app */;
			productType = "com.apple.product-type.application";
		};
/* End PBXNativeTarget section */

/* Begin PBXProject section */
		23FFF57B24B07425007CE87B /* Project object */ = {
			isa = PBXProject;
			attributes = {
				LastSwiftUpdateCheck = 1150;
				LastUpgradeCheck = 1150;
				ORGANIZATIONNAME = KM;
				TargetAttributes = {
					23FFF58224B07425007CE87B = {
						CreatedOnToolsVersion = 11.5;
					};
				};
			};
			buildConfigurationList = 23FFF57E24B07425007CE87B /* Build configuration list for PBXProject "taskApp" */;
			compatibilityVersion = "Xcode 9.3";
			developmentRegion = en;
			hasScannedForEncodings = 0;
			knownRegions = (
				en,
				Base,
			);
			mainGroup = 23FFF57A24B07425007CE87B;
			productRefGroup = 23FFF58424B07425007CE87B /* Products */;
			projectDirPath = "";
			projectRoot = "";
			targets = (
				23FFF58224B07425007CE87B /* taskApp */,
			);
		};
/* End PBXProject section */

/* Begin PBXResourcesBuildPhase section */
		23FFF58124B07425007CE87B /* Resources */ = {
			isa = PBXResourcesBuildPhase;
			buildActionMask = 2147483647;
			files = (
				23FFF59324B07429007CE87B /* LaunchScreen.storyboard in Resources */,
				23FFF59024B07429007CE87B /* Assets.xcassets in Resources */,
				23FFF58E24B07425007CE87B /* Main.storyboard in Resources */,
			);
			runOnlyForDeploymentPostprocessing = 0;
		};
/* End PBXResourcesBuildPhase section */

/* Begin PBXShellScriptBuildPhase section */
		175A204FE7E1BB29044750A2 /* [CP] Embed Pods Frameworks */ = {
			isa = PBXShellScriptBuildPhase;
			buildActionMask = 2147483647;
			files = (
			);
			inputFileListPaths = (
				"${PODS_ROOT}/Target Support Files/Pods-taskApp/Pods-taskApp-frameworks-${CONFIGURATION}-input-files.xcfilelist",
			);
			name = "[CP] Embed Pods Frameworks";
			outputFileListPaths = (
				"${PODS_ROOT}/Target Support Files/Pods-taskApp/Pods-taskApp-frameworks-${CONFIGURATION}-output-files.xcfilelist",
			);
			runOnlyForDeploymentPostprocessing = 0;
			shellPath = /bin/sh;
			shellScript = "\"${PODS_ROOT}/Target Support Files/Pods-taskApp/Pods-taskApp-frameworks.sh\"\n";
			showEnvVarsInLog = 0;
		};
		4305E21A9E8389414986FB51 /* [CP] Check Pods Manifest.lock */ = {
			isa = PBXShellScriptBuildPhase;
			buildActionMask = 2147483647;
			files = (
			);
			inputFileListPaths = (
			);
			inputPaths = (
				"${PODS_PODFILE_DIR_PATH}/Podfile.lock",
				"${PODS_ROOT}/Manifest.lock",
			);
			name = "[CP] Check Pods Manifest.lock";
			outputFileListPaths = (
			);
			outputPaths = (
				"$(DERIVED_FILE_DIR)/Pods-taskApp-checkManifestLockResult.txt",
			);
			runOnlyForDeploymentPostprocessing = 0;
			shellPath = /bin/sh;
			shellScript = "diff \"${PODS_PODFILE_DIR_PATH}/Podfile.lock\" \"${PODS_ROOT}/Manifest.lock\" > /dev/null\nif [ $? != 0 ] ; then\n    # print error to STDERR\n    echo \"error: The sandbox is not in sync with the Podfile.lock. Run 'pod install' or update your CocoaPods installation.\" >&2\n    exit 1\nfi\n# This output is used by Xcode 'outputs' to avoid re-running this script phase.\necho \"SUCCESS\" > \"${SCRIPT_OUTPUT_FILE_0}\"\n";
			showEnvVarsInLog = 0;
		};
/* End PBXShellScriptBuildPhase section */

/* Begin PBXSourcesBuildPhase section */
		23FFF57F24B07425007CE87B /* Sources */ = {
			isa = PBXSourcesBuildPhase;
			buildActionMask = 2147483647;
			files = (
				23FFF58B24B07425007CE87B /* ViewController.swift in Sources */,
				23FFF58724B07425007CE87B /* AppDelegate.swift in Sources */,
				23FFF59D24B0832C007CE87B /* Task.swift in Sources */,
				23FFF58924B07425007CE87B /* SceneDelegate.swift in Sources */,
				23FFF59B24B078A2007CE87B /* InputViewController.swift in Sources */,
			);
			runOnlyForDeploymentPostprocessing = 0;
		};
/* End PBXSourcesBuildPhase section */

/* Begin PBXVariantGroup section */
		23FFF58C24B07425007CE87B /* Main.storyboard */ = {
			isa = PBXVariantGroup;
			children = (
				23FFF58D24B07425007CE87B /* Base */,
			);
			name = Main.storyboard;
			sourceTree = "<group>";
		};
		23FFF59124B07429007CE87B /* LaunchScreen.storyboard */ = {
			isa = PBXVariantGroup;
			children = (
				23FFF59224B07429007CE87B /* Base */,
			);
			name = LaunchScreen.storyboard;
			sourceTree = "<group>";
		};
/* End PBXVariantGroup section */

/* Begin XCBuildConfiguration section */
		23FFF59524B0742A007CE87B /* Debug */ = {
			isa = XCBuildConfiguration;
			buildSettings = {
				ALWAYS_SEARCH_USER_PATHS = NO;
				CLANG_ANALYZER_NONNULL = YES;
				CLANG_ANALYZER_NUMBER_OBJECT_CONVERSION = YES_AGGRESSIVE;
				CLANG_CXX_LANGUAGE_STANDARD = "gnu++14";
				CLANG_CXX_LIBRARY = "libc++";
				CLANG_ENABLE_MODULES = YES;
				CLANG_ENABLE_OBJC_ARC = YES;
				CLANG_ENABLE_OBJC_WEAK = YES;
				CLANG_WARN_BLOCK_CAPTURE_AUTORELEASING = YES;
				CLANG_WARN_BOOL_CONVERSION = YES;
				CLANG_WARN_COMMA = YES;
				CLANG_WARN_CONSTANT_CONVERSION = YES;
				CLANG_WARN_DEPRECATED_OBJC_IMPLEMENTATIONS = YES;
				CLANG_WARN_DIRECT_OBJC_ISA_USAGE = YES_ERROR;
				CLANG_WARN_DOCUMENTATION_COMMENTS = YES;
				CLANG_WARN_EMPTY_BODY = YES;
				CLANG_WARN_ENUM_CONVERSION = YES;
				CLANG_WARN_INFINITE_RECURSION = YES;
				CLANG_WARN_INT_CONVERSION = YES;
				CLANG_WARN_NON_LITERAL_NULL_CONVERSION = YES;
				CLANG_WARN_OBJC_IMPLICIT_RETAIN_SELF = YES;
				CLANG_WARN_OBJC_LITERAL_CONVERSION = YES;
				CLANG_WARN_OBJC_ROOT_CLASS = YES_ERROR;
				CLANG_WARN_RANGE_LOOP_ANALYSIS = YES;
				CLANG_WARN_STRICT_PROTOTYPES = YES;
				CLANG_WARN_SUSPICIOUS_MOVE = YES;
				CLANG_WARN_UNGUARDED_AVAILABILITY = YES_AGGRESSIVE;
				CLANG_WARN_UNREACHABLE_CODE = YES;
				CLANG_WARN__DUPLICATE_METHOD_MATCH = YES;
				COPY_PHASE_STRIP = NO;
				DEBUG_INFORMATION_FORMAT = dwarf;
				ENABLE_STRICT_OBJC_MSGSEND = YES;
				ENABLE_TESTABILITY = YES;
				GCC_C_LANGUAGE_STANDARD = gnu11;
				GCC_DYNAMIC_NO_PIC = NO;
				GCC_NO_COMMON_BLOCKS = YES;
				GCC_OPTIMIZATION_LEVEL = 0;
				GCC_PREPROCESSOR_DEFINITIONS = (
					"DEBUG=1",
					"$(inherited)",
				);
				GCC_WARN_64_TO_32_BIT_CONVERSION = YES;
				GCC_WARN_ABOUT_RETURN_TYPE = YES_ERROR;
				GCC_WARN_UNDECLARED_SELECTOR = YES;
				GCC_WARN_UNINITIALIZED_AUTOS = YES_AGGRESSIVE;
				GCC_WARN_UNUSED_FUNCTION = YES;
				GCC_WARN_UNUSED_VARIABLE = YES;
				IPHONEOS_DEPLOYMENT_TARGET = 13.5;
				MTL_ENABLE_DEBUG_INFO = INCLUDE_SOURCE;
				MTL_FAST_MATH = YES;
				ONLY_ACTIVE_ARCH = YES;
				SDKROOT = iphoneos;
				SWIFT_ACTIVE_COMPILATION_CONDITIONS = DEBUG;
				SWIFT_OPTIMIZATION_LEVEL = "-Onone";
			};
			name = Debug;
		};
		23FFF59624B0742A007CE87B /* Release */ = {
			isa = XCBuildConfiguration;
			buildSettings = {
				ALWAYS_SEARCH_USER_PATHS = NO;
				CLANG_ANALYZER_NONNULL = YES;
				CLANG_ANALYZER_NUMBER_OBJECT_CONVERSION = YES_AGGRESSIVE;
				CLANG_CXX_LANGUAGE_STANDARD = "gnu++14";
				CLANG_CXX_LIBRARY = "libc++";
				CLANG_ENABLE_MODULES = YES;
				CLANG_ENABLE_OBJC_ARC = YES;
				CLANG_ENABLE_OBJC_WEAK = YES;
				CLANG_WARN_BLOCK_CAPTURE_AUTORELEASING = YES;
				CLANG_WARN_BOOL_CONVERSION = YES;
				CLANG_WARN_COMMA = YES;
				CLANG_WARN_CONSTANT_CONVERSION = YES;
				CLANG_WARN_DEPRECATED_OBJC_IMPLEMENTATIONS = YES;
				CLANG_WARN_DIRECT_OBJC_ISA_USAGE = YES_ERROR;
				CLANG_WARN_DOCUMENTATION_COMMENTS = YES;
				CLANG_WARN_EMPTY_BODY = YES;
				CLANG_WARN_ENUM_CONVERSION = YES;
				CLANG_WARN_INFINITE_RECURSION = YES;
				CLANG_WARN_INT_CONVERSION = YES;
				CLANG_WARN_NON_LITERAL_NULL_CONVERSION = YES;
				CLANG_WARN_OBJC_IMPLICIT_RETAIN_SELF = YES;
				CLANG_WARN_OBJC_LITERAL_CONVERSION = YES;
				CLANG_WARN_OBJC_ROOT_CLASS = YES_ERROR;
				CLANG_WARN_RANGE_LOOP_ANALYSIS = YES;
				CLANG_WARN_STRICT_PROTOTYPES = YES;
				CLANG_WARN_SUSPICIOUS_MOVE = YES;
				CLANG_WARN_UNGUARDED_AVAILABILITY = YES_AGGRESSIVE;
				CLANG_WARN_UNREACHABLE_CODE = YES;
				CLANG_WARN__DUPLICATE_METHOD_MATCH = YES;
				COPY_PHASE_STRIP = NO;
				DEBUG_INFORMATION_FORMAT = "dwarf-with-dsym";
				ENABLE_NS_ASSERTIONS = NO;
				ENABLE_STRICT_OBJC_MSGSEND = YES;
				GCC_C_LANGUAGE_STANDARD = gnu11;
				GCC_NO_COMMON_BLOCKS = YES;
				GCC_WARN_64_TO_32_BIT_CONVERSION = YES;
				GCC_WARN_ABOUT_RETURN_TYPE = YES_ERROR;
				GCC_WARN_UNDECLARED_SELECTOR = YES;
				GCC_WARN_UNINITIALIZED_AUTOS = YES_AGGRESSIVE;
				GCC_WARN_UNUSED_FUNCTION = YES;
				GCC_WARN_UNUSED_VARIABLE = YES;
				IPHONEOS_DEPLOYMENT_TARGET = 13.5;
				MTL_ENABLE_DEBUG_INFO = NO;
				MTL_FAST_MATH = YES;
				SDKROOT = iphoneos;
				SWIFT_COMPILATION_MODE = wholemodule;
				SWIFT_OPTIMIZATION_LEVEL = "-O";
				VALIDATE_PRODUCT = YES;
			};
			name = Release;
		};
		23FFF59824B0742A007CE87B /* Debug */ = {
			isa = XCBuildConfiguration;
			baseConfigurationReference = 2936856FB460E70925483DED /* Pods-taskApp.debug.xcconfig */;
			buildSettings = {
				ASSETCATALOG_COMPILER_APPICON_NAME = AppIcon;
				CODE_SIGN_STYLE = Automatic;
				INFOPLIST_FILE = taskApp/Info.plist;
				LD_RUNPATH_SEARCH_PATHS = (
					"$(inherited)",
					"@executable_path/Frameworks",
				);
				PRODUCT_BUNDLE_IDENTIFIER = com.keita.taskApp;
				PRODUCT_NAME = "$(TARGET_NAME)";
				SWIFT_VERSION = 5.0;
				TARGETED_DEVICE_FAMILY = "1,2";
			};
			name = Debug;
		};
		23FFF59924B0742A007CE87B /* Release */ = {
			isa = XCBuildConfiguration;
			baseConfigurationReference = E71203C9826C42C227706B89 /* Pods-taskApp.release.xcconfig */;
			buildSettings = {
				ASSETCATALOG_COMPILER_APPICON_NAME = AppIcon;
				CODE_SIGN_STYLE = Automatic;
				INFOPLIST_FILE = taskApp/Info.plist;
				LD_RUNPATH_SEARCH_PATHS = (
					"$(inherited)",
					"@executable_path/Frameworks",
				);
				PRODUCT_BUNDLE_IDENTIFIER = com.keita.taskApp;
				PRODUCT_NAME = "$(TARGET_NAME)";
				SWIFT_VERSION = 5.0;
				TARGETED_DEVICE_FAMILY = "1,2";
			};
			name = Release;
		};
/* End XCBuildConfiguration section */

/* Begin XCConfigurationList section */
		23FFF57E24B07425007CE87B /* Build configuration list for PBXProject "taskApp" */ = {
			isa = XCConfigurationList;
			buildConfigurations = (
				23FFF59524B0742A007CE87B /* Debug */,
				23FFF59624B0742A007CE87B /* Release */,
			);
			defaultConfigurationIsVisible = 0;
			defaultConfigurationName = Release;
		};
		23FFF59724B0742A007CE87B /* Build configuration list for PBXNativeTarget "taskApp" */ = {
			isa = XCConfigurationList;
			buildConfigurations = (
				23FFF59824B0742A007CE87B /* Debug */,
				23FFF59924B0742A007CE87B /* Release */,
			);
			defaultConfigurationIsVisible = 0;
			defaultConfigurationName = Release;
		};
/* End XCConfigurationList section */
	};
	rootObject = 23FFF57B24B07425007CE87B /* Project object */;
}
